// !$*UTF8*$!
{
	archiveVersion = 1;
	classes = {
	};
	objectVersion = 50;
	objects = {

/* Begin PBXBuildFile section */
		B056D07F23FBDE89007248D0 /* zodiac.swift in Sources */ = {isa = PBXBuildFile; fileRef = B056D07E23FBDE89007248D0 /* zodiac.swift */; };
		B08954F823FF059000FFAC4C /* controller.swift in Sources */ = {isa = PBXBuildFile; fileRef = B08954F723FF059000FFAC4C /* controller.swift */; };
		B08C3DD723FAF3DC00B8CDC9 /* AppDelegate.swift in Sources */ = {isa = PBXBuildFile; fileRef = B08C3DD623FAF3DC00B8CDC9 /* AppDelegate.swift */; };
		B08C3DD923FAF3DC00B8CDC9 /* SceneDelegate.swift in Sources */ = {isa = PBXBuildFile; fileRef = B08C3DD823FAF3DC00B8CDC9 /* SceneDelegate.swift */; };
		B08C3DDB23FAF3DC00B8CDC9 /* ViewController.swift in Sources */ = {isa = PBXBuildFile; fileRef = B08C3DDA23FAF3DC00B8CDC9 /* ViewController.swift */; };
		B08C3DDE23FAF3DC00B8CDC9 /* Main.storyboard in Resources */ = {isa = PBXBuildFile; fileRef = B08C3DDC23FAF3DC00B8CDC9 /* Main.storyboard */; };
		B08C3DE023FAF3DD00B8CDC9 /* Assets.xcassets in Resources */ = {isa = PBXBuildFile; fileRef = B08C3DDF23FAF3DD00B8CDC9 /* Assets.xcassets */; };
		B08C3DE323FAF3DD00B8CDC9 /* LaunchScreen.storyboard in Resources */ = {isa = PBXBuildFile; fileRef = B08C3DE123FAF3DD00B8CDC9 /* LaunchScreen.storyboard */; };
		B0E6C4A523FD25AB00BAA0A0 /* InfoViewController.swift in Sources */ = {isa = PBXBuildFile; fileRef = B0E6C4A423FD25AB00BAA0A0 /* InfoViewController.swift */; };
		B0E6C4A723FD287100BAA0A0 /* matchViewController.swift in Sources */ = {isa = PBXBuildFile; fileRef = B0E6C4A623FD287100BAA0A0 /* matchViewController.swift */; };
/* End PBXBuildFile section */

/* Begin PBXFileReference section */
		B056D07E23FBDE89007248D0 /* zodiac.swift */ = {isa = PBXFileReference; lastKnownFileType = sourcecode.swift; path = zodiac.swift; sourceTree = "<group>"; };
		B08954F723FF059000FFAC4C /* controller.swift */ = {isa = PBXFileReference; lastKnownFileType = sourcecode.swift; path = controller.swift; sourceTree = "<group>"; };
		B08C3DD323FAF3DC00B8CDC9 /* zodiac.app */ = {isa = PBXFileReference; explicitFileType = wrapper.application; includeInIndex = 0; path = zodiac.app; sourceTree = BUILT_PRODUCTS_DIR; };
		B08C3DD623FAF3DC00B8CDC9 /* AppDelegate.swift */ = {isa = PBXFileReference; lastKnownFileType = sourcecode.swift; path = AppDelegate.swift; sourceTree = "<group>"; };
		B08C3DD823FAF3DC00B8CDC9 /* SceneDelegate.swift */ = {isa = PBXFileReference; lastKnownFileType = sourcecode.swift; path = SceneDelegate.swift; sourceTree = "<group>"; };
		B08C3DDA23FAF3DC00B8CDC9 /* ViewController.swift */ = {isa = PBXFileReference; lastKnownFileType = sourcecode.swift; path = ViewController.swift; sourceTree = "<group>"; };
		B08C3DDD23FAF3DC00B8CDC9 /* Base */ = {isa = PBXFileReference; lastKnownFileType = file.storyboard; name = Base; path = Base.lproj/Main.storyboard; sourceTree = "<group>"; };
		B08C3DDF23FAF3DD00B8CDC9 /* Assets.xcassets */ = {isa = PBXFileReference; lastKnownFileType = folder.assetcatalog; path = Assets.xcassets; sourceTree = "<group>"; };
		B08C3DE223FAF3DD00B8CDC9 /* Base */ = {isa = PBXFileReference; lastKnownFileType = file.storyboard; name = Base; path = Base.lproj/LaunchScreen.storyboard; sourceTree = "<group>"; };
		B08C3DE423FAF3DD00B8CDC9 /* Info.plist */ = {isa = PBXFileReference; lastKnownFileType = text.plist.xml; path = Info.plist; sourceTree = "<group>"; };
		B0E6C4A423FD25AB00BAA0A0 /* InfoViewController.swift */ = {isa = PBXFileReference; lastKnownFileType = sourcecode.swift; path = InfoViewController.swift; sourceTree = "<group>"; };
		B0E6C4A623FD287100BAA0A0 /* matchViewController.swift */ = {isa = PBXFileReference; lastKnownFileType = sourcecode.swift; path = matchViewController.swift; sourceTree = "<group>"; };
/* End PBXFileReference section */

/* Begin PBXFrameworksBuildPhase section */
		B08C3DD023FAF3DC00B8CDC9 /* Frameworks */ = {
			isa = PBXFrameworksBuildPhase;
			buildActionMask = 2147483647;
			files = (
			);
			runOnlyForDeploymentPostprocessing = 0;
		};
/* End PBXFrameworksBuildPhase section */

/* Begin PBXGroup section */
		B056D07C23FBD75F007248D0 /* vista */ = {
			isa = PBXGroup;
			children = (
				B08C3DDA23FAF3DC00B8CDC9 /* ViewController.swift */,
				B0E6C4A423FD25AB00BAA0A0 /* InfoViewController.swift */,
				B0E6C4A623FD287100BAA0A0 /* matchViewController.swift */,
			);
			path = vista;
			sourceTree = "<group>";
		};
		B056D07D23FBD784007248D0 /* modal */ = {
			isa = PBXGroup;
			children = (
				B056D07E23FBDE89007248D0 /* zodiac.swift */,
			);
			path = modal;
			sourceTree = "<group>";
		};
		B08C3DCA23FAF3DC00B8CDC9 = {
			isa = PBXGroup;
			children = (
				B056D07D23FBD784007248D0 /* modal */,
				B056D07C23FBD75F007248D0 /* vista */,
				B08C3DD523FAF3DC00B8CDC9 /* zodiac */,
				B08C3DD423FAF3DC00B8CDC9 /* Products */,
			);
			sourceTree = "<group>";
		};
		B08C3DD423FAF3DC00B8CDC9 /* Products */ = {
			isa = PBXGroup;
			children = (
				B08C3DD323FAF3DC00B8CDC9 /* zodiac.app */,
			);
			name = Products;
			sourceTree = "<group>";
		};
		B08C3DD523FAF3DC00B8CDC9 /* zodiac */ = {
			isa = PBXGroup;
			children = (
				B08C3DD623FAF3DC00B8CDC9 /* AppDelegate.swift */,
				B08C3DD823FAF3DC00B8CDC9 /* SceneDelegate.swift */,
				B08C3DDC23FAF3DC00B8CDC9 /* Main.storyboard */,
				B08C3DDF23FAF3DD00B8CDC9 /* Assets.xcassets */,
				B08C3DE123FAF3DD00B8CDC9 /* LaunchScreen.storyboard */,
				B08C3DE423FAF3DD00B8CDC9 /* Info.plist */,
				B08954F723FF059000FFAC4C /* controller.swift */,
			);
			path = zodiac;
			sourceTree = "<group>";
		};
/* End PBXGroup section */

/* Begin PBXNativeTarget section */
		B08C3DD223FAF3DC00B8CDC9 /* zodiac */ = {
			isa = PBXNativeTarget;
			buildConfigurationList = B08C3DE723FAF3DD00B8CDC9 /* Build configuration list for PBXNativeTarget "zodiac" */;
			buildPhases = (
				B08C3DCF23FAF3DC00B8CDC9 /* Sources */,
				B08C3DD023FAF3DC00B8CDC9 /* Frameworks */,
				B08C3DD123FAF3DC00B8CDC9 /* Resources */,
			);
			buildRules = (
			);
			dependencies = (
			);
			name = zodiac;
			productName = zodiac;
			productReference = B08C3DD323FAF3DC00B8CDC9 /* zodiac.app */;
			productType = "com.apple.product-type.application";
		};
/* End PBXNativeTarget section */

/* Begin PBXProject section */
		B08C3DCB23FAF3DC00B8CDC9 /* Project object */ = {
			isa = PBXProject;
			attributes = {
				LastSwiftUpdateCheck = 1130;
				LastUpgradeCheck = 1130;
				ORGANIZATIONNAME = "salvador cortes";
				TargetAttributes = {
					B08C3DD223FAF3DC00B8CDC9 = {
						CreatedOnToolsVersion = 11.3.1;
					};
				};
			};
			buildConfigurationList = B08C3DCE23FAF3DC00B8CDC9 /* Build configuration list for PBXProject "zodiac" */;
			compatibilityVersion = "Xcode 9.3";
			developmentRegion = en;
			hasScannedForEncodings = 0;
			knownRegions = (
				en,
				Base,
			);
			mainGroup = B08C3DCA23FAF3DC00B8CDC9;
			productRefGroup = B08C3DD423FAF3DC00B8CDC9 /* Products */;
			projectDirPath = "";
			projectRoot = "";
			targets = (
				B08C3DD223FAF3DC00B8CDC9 /* zodiac */,
			);
		};
/* End PBXProject section */

/* Begin PBXResourcesBuildPhase section */
		B08C3DD123FAF3DC00B8CDC9 /* Resources */ = {
			isa = PBXResourcesBuildPhase;
			buildActionMask = 2147483647;
			files = (
				B08C3DE323FAF3DD00B8CDC9 /* LaunchScreen.storyboard in Resources */,
				B08C3DE023FAF3DD00B8CDC9 /* Assets.xcassets in Resources */,
				B08C3DDE23FAF3DC00B8CDC9 /* Main.storyboard in Resources */,
			);
			runOnlyForDeploymentPostprocessing = 0;
		};
/* End PBXResourcesBuildPhase section */

/* Begin PBXSourcesBuildPhase section */
		B08C3DCF23FAF3DC00B8CDC9 /* Sources */ = {
			isa = PBXSourcesBuildPhase;
			buildActionMask = 2147483647;
			files = (
				B08C3DDB23FAF3DC00B8CDC9 /* ViewController.swift in Sources */,
				B056D07F23FBDE89007248D0 /* zodiac.swift in Sources */,
				B0E6C4A723FD287100BAA0A0 /* matchViewController.swift in Sources */,
				B08C3DD723FAF3DC00B8CDC9 /* AppDelegate.swift in Sources */,
				B08C3DD923FAF3DC00B8CDC9 /* SceneDelegate.swift in Sources */,
				B08954F823FF059000FFAC4C /* controller.swift in Sources */,
				B0E6C4A523FD25AB00BAA0A0 /* InfoViewController.swift in Sources */,
			);
			runOnlyForDeploymentPostprocessing = 0;
		};
/* End PBXSourcesBuildPhase section */

/* Begin PBXVariantGroup section */
		B08C3DDC23FAF3DC00B8CDC9 /* Main.storyboard */ = {
			isa = PBXVariantGroup;
			children = (
				B08C3DDD23FAF3DC00B8CDC9 /* Base */,
			);
			name = Main.storyboard;
			sourceTree = "<group>";
		};
		B08C3DE123FAF3DD00B8CDC9 /* LaunchScreen.storyboard */ = {
			isa = PBXVariantGroup;
			children = (
				B08C3DE223FAF3DD00B8CDC9 /* Base */,
			);
			name = LaunchScreen.storyboard;
			sourceTree = "<group>";
		};
/* End PBXVariantGroup section */

/* Begin XCBuildConfiguration section */
		B08C3DE523FAF3DD00B8CDC9 /* Debug */ = {
			isa = XCBuildConfiguration;
			buildSettings = {
				ALWAYS_SEARCH_USER_PATHS = NO;
				CLANG_ANALYZER_NONNULL = YES;
				CLANG_ANALYZER_NUMBER_OBJECT_CONVERSION = YES_AGGRESSIVE;
				CLANG_CXX_LANGUAGE_STANDARD = "gnu++14";
				CLANG_CXX_LIBRARY = "libc++";
				CLANG_ENABLE_MODULES = YES;
				CLANG_ENABLE_OBJC_ARC = YES;
				CLANG_ENABLE_OBJC_WEAK = YES;
				CLANG_WARN_BLOCK_CAPTURE_AUTORELEASING = YES;
				CLANG_WARN_BOOL_CONVERSION = YES;
				CLANG_WARN_COMMA = YES;
				CLANG_WARN_CONSTANT_CONVERSION = YES;
				CLANG_WARN_DEPRECATED_OBJC_IMPLEMENTATIONS = YES;
				CLANG_WARN_DIRECT_OBJC_ISA_USAGE = YES_ERROR;
				CLANG_WARN_DOCUMENTATION_COMMENTS = YES;
				CLANG_WARN_EMPTY_BODY = YES;
				CLANG_WARN_ENUM_CONVERSION = YES;
				CLANG_WARN_INFINITE_RECURSION = YES;
				CLANG_WARN_INT_CONVERSION = YES;
				CLANG_WARN_NON_LITERAL_NULL_CONVERSION = YES;
				CLANG_WARN_OBJC_IMPLICIT_RETAIN_SELF = YES;
				CLANG_WARN_OBJC_LITERAL_CONVERSION = YES;
				CLANG_WARN_OBJC_ROOT_CLASS = YES_ERROR;
				CLANG_WARN_RANGE_LOOP_ANALYSIS = YES;
				CLANG_WARN_STRICT_PROTOTYPES = YES;
				CLANG_WARN_SUSPICIOUS_MOVE = YES;
				CLANG_WARN_UNGUARDED_AVAILABILITY = YES_AGGRESSIVE;
				CLANG_WARN_UNREACHABLE_CODE = YES;
				CLANG_WARN__DUPLICATE_METHOD_MATCH = YES;
				COPY_PHASE_STRIP = NO;
				DEBUG_INFORMATION_FORMAT = dwarf;
				ENABLE_STRICT_OBJC_MSGSEND = YES;
				ENABLE_TESTABILITY = YES;
				GCC_C_LANGUAGE_STANDARD = gnu11;
				GCC_DYNAMIC_NO_PIC = NO;
				GCC_NO_COMMON_BLOCKS = YES;
				GCC_OPTIMIZATION_LEVEL = 0;
				GCC_PREPROCESSOR_DEFINITIONS = (
					"DEBUG=1",
					"$(inherited)",
				);
				GCC_WARN_64_TO_32_BIT_CONVERSION = YES;
				GCC_WARN_ABOUT_RETURN_TYPE = YES_ERROR;
				GCC_WARN_UNDECLARED_SELECTOR = YES;
				GCC_WARN_UNINITIALIZED_AUTOS = YES_AGGRESSIVE;
				GCC_WARN_UNUSED_FUNCTION = YES;
				GCC_WARN_UNUSED_VARIABLE = YES;
				IPHONEOS_DEPLOYMENT_TARGET = 13.2;
				MTL_ENABLE_DEBUG_INFO = INCLUDE_SOURCE;
				MTL_FAST_MATH = YES;
				ONLY_ACTIVE_ARCH = YES;
				SDKROOT = iphoneos;
				SWIFT_ACTIVE_COMPILATION_CONDITIONS = DEBUG;
				SWIFT_OPTIMIZATION_LEVEL = "-Onone";
			};
			name = Debug;
		};
		B08C3DE623FAF3DD00B8CDC9 /* Release */ = {
			isa = XCBuildConfiguration;
			buildSettings = {
				ALWAYS_SEARCH_USER_PATHS = NO;
				CLANG_ANALYZER_NONNULL = YES;
				CLANG_ANALYZER_NUMBER_OBJECT_CONVERSION = YES_AGGRESSIVE;
				CLANG_CXX_LANGUAGE_STANDARD = "gnu++14";
				CLANG_CXX_LIBRARY = "libc++";
				CLANG_ENABLE_MODULES = YES;
				CLANG_ENABLE_OBJC_ARC = YES;
				CLANG_ENABLE_OBJC_WEAK = YES;
				CLANG_WARN_BLOCK_CAPTURE_AUTORELEASING = YES;
				CLANG_WARN_BOOL_CONVERSION = YES;
				CLANG_WARN_COMMA = YES;
				CLANG_WARN_CONSTANT_CONVERSION = YES;
				CLANG_WARN_DEPRECATED_OBJC_IMPLEMENTATIONS = YES;
				CLANG_WARN_DIRECT_OBJC_ISA_USAGE = YES_ERROR;
				CLANG_WARN_DOCUMENTATION_COMMENTS = YES;
				CLANG_WARN_EMPTY_BODY = YES;
				CLANG_WARN_ENUM_CONVERSION = YES;
				CLANG_WARN_INFINITE_RECURSION = YES;
				CLANG_WARN_INT_CONVERSION = YES;
				CLANG_WARN_NON_LITERAL_NULL_CONVERSION = YES;
				CLANG_WARN_OBJC_IMPLICIT_RETAIN_SELF = YES;
				CLANG_WARN_OBJC_LITERAL_CONVERSION = YES;
				CLANG_WARN_OBJC_ROOT_CLASS = YES_ERROR;
				CLANG_WARN_RANGE_LOOP_ANALYSIS = YES;
				CLANG_WARN_STRICT_PROTOTYPES = YES;
				CLANG_WARN_SUSPICIOUS_MOVE = YES;
				CLANG_WARN_UNGUARDED_AVAILABILITY = YES_AGGRESSIVE;
				CLANG_WARN_UNREACHABLE_CODE = YES;
				CLANG_WARN__DUPLICATE_METHOD_MATCH = YES;
				COPY_PHASE_STRIP = NO;
				DEBUG_INFORMATION_FORMAT = "dwarf-with-dsym";
				ENABLE_NS_ASSERTIONS = NO;
				ENABLE_STRICT_OBJC_MSGSEND = YES;
				GCC_C_LANGUAGE_STANDARD = gnu11;
				GCC_NO_COMMON_BLOCKS = YES;
				GCC_WARN_64_TO_32_BIT_CONVERSION = YES;
				GCC_WARN_ABOUT_RETURN_TYPE = YES_ERROR;
				GCC_WARN_UNDECLARED_SELECTOR = YES;
				GCC_WARN_UNINITIALIZED_AUTOS = YES_AGGRESSIVE;
				GCC_WARN_UNUSED_FUNCTION = YES;
				GCC_WARN_UNUSED_VARIABLE = YES;
				IPHONEOS_DEPLOYMENT_TARGET = 13.2;
				MTL_ENABLE_DEBUG_INFO = NO;
				MTL_FAST_MATH = YES;
				SDKROOT = iphoneos;
				SWIFT_COMPILATION_MODE = wholemodule;
				SWIFT_OPTIMIZATION_LEVEL = "-O";
				VALIDATE_PRODUCT = YES;
			};
			name = Release;
		};
		B08C3DE823FAF3DD00B8CDC9 /* Debug */ = {
			isa = XCBuildConfiguration;
			buildSettings = {
				ASSETCATALOG_COMPILER_APPICON_NAME = AppIcon;
				CODE_SIGN_STYLE = Automatic;
				INFOPLIST_FILE = zodiac/Info.plist;
				LD_RUNPATH_SEARCH_PATHS = (
					"$(inherited)",
					"@executable_path/Frameworks",
				);
				PRODUCT_BUNDLE_IDENTIFIER = com.salvadorcortes.zodiac;
				PRODUCT_NAME = "$(TARGET_NAME)";
				SWIFT_VERSION = 5.0;
				TARGETED_DEVICE_FAMILY = "1,2";
			};
			name = Debug;
		};
		B08C3DE923FAF3DD00B8CDC9 /* Release */ = {
			isa = XCBuildConfiguration;
			buildSettings = {
				ASSETCATALOG_COMPILER_APPICON_NAME = AppIcon;
				CODE_SIGN_STYLE = Automatic;
				INFOPLIST_FILE = zodiac/Info.plist;
				LD_RUNPATH_SEARCH_PATHS = (
					"$(inherited)",
					"@executable_path/Frameworks",
				);
				PRODUCT_BUNDLE_IDENTIFIER = com.salvadorcortes.zodiac;
				PRODUCT_NAME = "$(TARGET_NAME)";
				SWIFT_VERSION = 5.0;
				TARGETED_DEVICE_FAMILY = "1,2";
			};
			name = Release;
		};
/* End XCBuildConfiguration section */

/* Begin XCConfigurationList section */
		B08C3DCE23FAF3DC00B8CDC9 /* Build configuration list for PBXProject "zodiac" */ = {
			isa = XCConfigurationList;
			buildConfigurations = (
				B08C3DE523FAF3DD00B8CDC9 /* Debug */,
				B08C3DE623FAF3DD00B8CDC9 /* Release */,
			);
			defaultConfigurationIsVisible = 0;
			defaultConfigurationName = Release;
		};
		B08C3DE723FAF3DD00B8CDC9 /* Build configuration list for PBXNativeTarget "zodiac" */ = {
			isa = XCConfigurationList;
			buildConfigurations = (
				B08C3DE823FAF3DD00B8CDC9 /* Debug */,
				B08C3DE923FAF3DD00B8CDC9 /* Release */,
			);
			defaultConfigurationIsVisible = 0;
			defaultConfigurationName = Release;
		};
/* End XCConfigurationList section */
	};
	rootObject = B08C3DCB23FAF3DC00B8CDC9 /* Project object */;
}
